{
  "name": "pen-migration-testing",
  "version": "0.1.0",
  "lockfileVersion": 3,
  "requires": true,
  "packages": {
    "": {
      "name": "pen-migration-testing",
      "version": "0.1.0",
      "dependencies": {
        "@polkadot/api": "^11.3.1",
        "@polkadot/keyring": "^12.6.2",
        "@polkadot/util-crypto": "^12.6.2"
      }
    },
    "node_modules/@noble/curves": {
      "version": "1.9.7",
      "resolved": "https://registry.npmjs.org/@noble/curves/-/curves-1.9.7.tgz",
      "integrity": "sha512-gbKGcRUYIjA3/zCCNaWDciTMFI0dCkvou3TL8Zmy5Nc7sJ47a0jtOeZoTaMxkuqRo9cRhjOdZJXegxYE5FN/xw==",
      "license": "MIT",
      "dependencies": {
        "@noble/hashes": "1.8.0"
      },
      "engines": {
        "node": "^14.21.3 || >=16"
      },
      "funding": {
        "url": "https://paulmillr.com/funding/"
      }
    },
    "node_modules/@noble/hashes": {
      "version": "1.8.0",
      "resolved": "https://registry.npmjs.org/@noble/hashes/-/hashes-1.8.0.tgz",
      "integrity": "sha512-jCs9ldd7NwzpgXDIf6P3+NrHh9/sD6CQdxHyjQI+h/6rDNo88ypBxxz45UDuZHz9r3tNz7N/VInSVoVdtXEI4A==",
      "license": "MIT",
      "engines": {
        "node": "^14.21.3 || >=16"
      },
      "funding": {
        "url": "https://paulmillr.com/funding/"
      }
    },
    "node_modules/@polkadot-api/json-rpc-provider": {
      "version": "0.0.1",
      "resolved": "https://registry.npmjs.org/@polkadot-api/json-rpc-provider/-/json-rpc-provider-0.0.1.tgz",
      "integrity": "sha512-/SMC/l7foRjpykLTUTacIH05H3mr9ip8b5xxfwXlVezXrNVLp3Cv0GX6uItkKd+ZjzVPf3PFrDF2B2/HLSNESA==",
      "license": "MIT",
      "optional": true
    },
    "node_modules/@polkadot-api/json-rpc-provider-proxy": {
      "version": "0.0.1",
      "resolved": "https://registry.npmjs.org/@polkadot-api/json-rpc-provider-proxy/-/json-rpc-provider-proxy-0.0.1.tgz",
      "integrity": "sha512-gmVDUP8LpCH0BXewbzqXF2sdHddq1H1q+XrAW2of+KZj4woQkIGBRGTJHeBEVHe30EB+UejR1N2dT4PO/RvDdg==",
      "license": "MIT",
      "optional": true
    },
    "node_modules/@polkadot-api/metadata-builders": {
      "version": "0.0.1",
      "resolved": "https://registry.npmjs.org/@polkadot-api/metadata-builders/-/metadata-builders-0.0.1.tgz",
      "integrity": "sha512-GCI78BHDzXAF/L2pZD6Aod/yl82adqQ7ftNmKg51ixRL02JpWUA+SpUKTJE5MY1p8kiJJIo09P2um24SiJHxNA==",
      "license": "MIT",
      "optional": true,
      "dependencies": {
        "@polkadot-api/substrate-bindings": "0.0.1",
        "@polkadot-api/utils": "0.0.1"
      }
    },
    "node_modules/@polkadot-api/observable-client": {
      "version": "0.1.0",
      "resolved": "https://registry.npmjs.org/@polkadot-api/observable-client/-/observable-client-0.1.0.tgz",
      "integrity": "sha512-GBCGDRztKorTLna/unjl/9SWZcRmvV58o9jwU2Y038VuPXZcr01jcw/1O3x+yeAuwyGzbucI/mLTDa1QoEml3A==",
      "license": "MIT",
      "optional": true,
      "dependencies": {
        "@polkadot-api/metadata-builders": "0.0.1",
        "@polkadot-api/substrate-bindings": "0.0.1",
        "@polkadot-api/substrate-client": "0.0.1",
        "@polkadot-api/utils": "0.0.1"
      },
      "peerDependencies": {
        "rxjs": ">=7.8.0"
      }
    },
    "node_modules/@polkadot-api/substrate-bindings": {
      "version": "0.0.1",
      "resolved": "https://registry.npmjs.org/@polkadot-api/substrate-bindings/-/substrate-bindings-0.0.1.tgz",
      "integrity": "sha512-bAe7a5bOPnuFVmpv7y4BBMRpNTnMmE0jtTqRUw/+D8ZlEHNVEJQGr4wu3QQCl7k1GnSV1wfv3mzIbYjErEBocg==",
      "license": "MIT",
      "optional": true,
      "dependencies": {
        "@noble/hashes": "^1.3.1",
        "@polkadot-api/utils": "0.0.1",
        "@scure/base": "^1.1.1",
        "scale-ts": "^1.6.0"
      }
    },
    "node_modules/@polkadot-api/substrate-client": {
      "version": "0.0.1",
      "resolved": "https://registry.npmjs.org/@polkadot-api/substrate-client/-/substrate-client-0.0.1.tgz",
      "integrity": "sha512-9Bg9SGc3AwE+wXONQoW8GC00N3v6lCZLW74HQzqB6ROdcm5VAHM4CB/xRzWSUF9CXL78ugiwtHx3wBcpx4H4Wg==",
      "license": "MIT",
      "optional": true
    },
    "node_modules/@polkadot-api/utils": {
      "version": "0.0.1",
      "resolved": "https://registry.npmjs.org/@polkadot-api/utils/-/utils-0.0.1.tgz",
      "integrity": "sha512-3j+pRmlF9SgiYDabSdZsBSsN5XHbpXOAce1lWj56IEEaFZVjsiCaxDOA7C9nCcgfVXuvnbxqqEGQvnY+QfBAUw==",
      "license": "MIT",
      "optional": true
    },
    "node_modules/@polkadot/api": {
      "version": "11.3.1",
      "resolved": "https://registry.npmjs.org/@polkadot/api/-/api-11.3.1.tgz",
      "integrity": "sha512-q4kFIIHTLvKxM24b0Eo8hJevsPMme+aITJGrDML9BgdZYTRN14+cu5nXiCsQvaEamdyYj+uCXWe2OV9X7pPxsA==",
      "license": "Apache-2.0",
      "dependencies": {
        "@polkadot/api-augment": "11.3.1",
        "@polkadot/api-base": "11.3.1",
        "@polkadot/api-derive": "11.3.1",
        "@polkadot/keyring": "^12.6.2",
        "@polkadot/rpc-augment": "11.3.1",
        "@polkadot/rpc-core": "11.3.1",
        "@polkadot/rpc-provider": "11.3.1",
        "@polkadot/types": "11.3.1",
        "@polkadot/types-augment": "11.3.1",
        "@polkadot/types-codec": "11.3.1",
        "@polkadot/types-create": "11.3.1",
        "@polkadot/types-known": "11.3.1",
        "@polkadot/util": "^12.6.2",
        "@polkadot/util-crypto": "^12.6.2",
        "eventemitter3": "^5.0.1",
        "rxjs": "^7.8.1",
        "tslib": "^2.6.2"
      },
      "engines": {
        "node": ">=18"
      }
    },
    "node_modules/@polkadot/api-augment": {
      "version": "11.3.1",
      "resolved": "https://registry.npmjs.org/@polkadot/api-augment/-/api-augment-11.3.1.tgz",
      "integrity": "sha512-Yj+6rb6h0WwY3yJ+UGhjGW+tyMRFUMsKQuGw+eFsXdjiNU9UoXsAqA2dG7Q1F+oeX/g+y2gLGBezNoCwbl6HfA==",
      "license": "Apache-2.0",
      "dependencies": {
        "@polkadot/api-base": "11.3.1",
        "@polkadot/rpc-augment": "11.3.1",
        "@polkadot/types": "11.3.1",
        "@polkadot/types-augment": "11.3.1",
        "@polkadot/types-codec": "11.3.1",
        "@polkadot/util": "^12.6.2",
        "tslib": "^2.6.2"
      },
      "engines": {
        "node": ">=18"
      }
    },
    "node_modules/@polkadot/api-base": {
      "version": "11.3.1",
      "resolved": "https://registry.npmjs.org/@polkadot/api-base/-/api-base-11.3.1.tgz",
      "integrity": "sha512-b8UkNL00NN7+3QaLCwL5cKg+7YchHoKCAhwKusWHNBZkkO6Oo2BWilu0dZkPJOyqV9P389Kbd9+oH+SKs9u2VQ==",
      "license": "Apache-2.0",
      "dependencies": {
        "@polkadot/rpc-core": "11.3.1",
        "@polkadot/types": "11.3.1",
        "@polkadot/util": "^12.6.2",
        "rxjs": "^7.8.1",
        "tslib": "^2.6.2"
      },
      "engines": {
        "node": ">=18"
      }
    },
    "node_modules/@polkadot/api-derive": {
      "version": "11.3.1",
      "resolved": "https://registry.npmjs.org/@polkadot/api-derive/-/api-derive-11.3.1.tgz",
      "integrity": "sha512-9dopzrh4cRuft1nANmBvMY/hEhFDu0VICMTOGxQLOl8NMfcOFPTLAN0JhSBUoicGZhV+c4vpv01NBx/7/IL1HA==",
      "license": "Apache-2.0",
      "dependencies": {
        "@polkadot/api": "11.3.1",
        "@polkadot/api-augment": "11.3.1",
        "@polkadot/api-base": "11.3.1",
        "@polkadot/rpc-core": "11.3.1",
        "@polkadot/types": "11.3.1",
        "@polkadot/types-codec": "11.3.1",
        "@polkadot/util": "^12.6.2",
        "@polkadot/util-crypto": "^12.6.2",
        "rxjs": "^7.8.1",
        "tslib": "^2.6.2"
      },
      "engines": {
        "node": ">=18"
      }
    },
    "node_modules/@polkadot/keyring": {
      "version": "12.6.2",
      "resolved": "https://registry.npmjs.org/@polkadot/keyring/-/keyring-12.6.2.tgz",
      "integrity": "sha512-O3Q7GVmRYm8q7HuB3S0+Yf/q/EB2egKRRU3fv9b3B7V+A52tKzA+vIwEmNVaD1g5FKW9oB97rmpggs0zaKFqHw==",
      "license": "Apache-2.0",
      "dependencies": {
        "@polkadot/util": "12.6.2",
        "@polkadot/util-crypto": "12.6.2",
        "tslib": "^2.6.2"
      },
      "engines": {
        "node": ">=18"
      },
      "peerDependencies": {
        "@polkadot/util": "12.6.2",
        "@polkadot/util-crypto": "12.6.2"
      }
    },
    "node_modules/@polkadot/networks": {
      "version": "12.6.2",
      "resolved": "https://registry.npmjs.org/@polkadot/networks/-/networks-12.6.2.tgz",
      "integrity": "sha512-1oWtZm1IvPWqvMrldVH6NI2gBoCndl5GEwx7lAuQWGr7eNL+6Bdc5K3Z9T0MzFvDGoi2/CBqjX9dRKo39pDC/w==",
      "license": "Apache-2.0",
      "dependencies": {
        "@polkadot/util": "12.6.2",
        "@substrate/ss58-registry": "^1.44.0",
        "tslib": "^2.6.2"
      },
      "engines": {
        "node": ">=18"
      }
    },
    "node_modules/@polkadot/rpc-augment": {
      "version": "11.3.1",
      "resolved": "https://registry.npmjs.org/@polkadot/rpc-augment/-/rpc-augment-11.3.1.tgz",
      "integrity": "sha512-2PaDcKNju4QYQpxwVkWbRU3M0t340nMX9cMo+8awgvgL1LliV/fUDZueMKLuSS910JJMTPQ7y2pK4eQgMt08gQ==",
      "license": "Apache-2.0",
      "dependencies": {
        "@polkadot/rpc-core": "11.3.1",
        "@polkadot/types": "11.3.1",
        "@polkadot/types-codec": "11.3.1",
        "@polkadot/util": "^12.6.2",
        "tslib": "^2.6.2"
      },
      "engines": {
        "node": ">=18"
      }
    },
    "node_modules/@polkadot/rpc-core": {
      "version": "11.3.1",
      "resolved": "https://registry.npmjs.org/@polkadot/rpc-core/-/rpc-core-11.3.1.tgz",
      "integrity": "sha512-KKNepsDd/mpmXcA6v/h14eFFPEzLGd7nrvx2UUXUxoZ0Fq2MH1hplP3s93k1oduNY/vOXJR2K9S4dKManA6GVQ==",
      "license": "Apache-2.0",
      "dependencies": {
        "@polkadot/rpc-augment": "11.3.1",
        "@polkadot/rpc-provider": "11.3.1",
        "@polkadot/types": "11.3.1",
        "@polkadot/util": "^12.6.2",
        "rxjs": "^7.8.1",
        "tslib": "^2.6.2"
      },
      "engines": {
        "node": ">=18"
      }
    },
    "node_modules/@polkadot/rpc-provider": {
      "version": "11.3.1",
      "resolved": "https://registry.npmjs.org/@polkadot/rpc-provider/-/rpc-provider-11.3.1.tgz",
      "integrity": "sha512-pqERChoHo45hd3WAgW8UuzarRF+G/o/eXEbl0PXLubiayw4X4qCmIzmtntUcKYgxGNcYGZaG87ZU8OjN97m6UA==",
      "license": "Apache-2.0",
      "dependencies": {
        "@polkadot/keyring": "^12.6.2",
        "@polkadot/types": "11.3.1",
        "@polkadot/types-support": "11.3.1",
        "@polkadot/util": "^12.6.2",
        "@polkadot/util-crypto": "^12.6.2",
        "@polkadot/x-fetch": "^12.6.2",
        "@polkadot/x-global": "^12.6.2",
        "@polkadot/x-ws": "^12.6.2",
        "eventemitter3": "^5.0.1",
        "mock-socket": "^9.3.1",
        "nock": "^13.5.0",
        "tslib": "^2.6.2"
      },
      "engines": {
        "node": ">=18"
      },
      "optionalDependencies": {
        "@substrate/connect": "0.8.10"
      }
    },
    "node_modules/@polkadot/types": {
      "version": "11.3.1",
      "resolved": "https://registry.npmjs.org/@polkadot/types/-/types-11.3.1.tgz",
      "integrity": "sha512-5c7uRFXQTT11Awi6T0yFIdAfD6xGDAOz06Kp7M5S9OGNZY28wSPk5x6BYfNphWPaIBmHHewYJB5qmnrdYQAWKQ==",
      "license": "Apache-2.0",
      "dependencies": {
        "@polkadot/keyring": "^12.6.2",
        "@polkadot/types-augment": "11.3.1",
        "@polkadot/types-codec": "11.3.1",
        "@polkadot/types-create": "11.3.1",
        "@polkadot/util": "^12.6.2",
        "@polkadot/util-crypto": "^12.6.2",
        "rxjs": "^7.8.1",
        "tslib": "^2.6.2"
      },
      "engines": {
        "node": ">=18"
      }
    },
    "node_modules/@polkadot/types-augment": {
      "version": "11.3.1",
      "resolved": "https://registry.npmjs.org/@polkadot/types-augment/-/types-augment-11.3.1.tgz",
      "integrity": "sha512-eR3HVpvUmB3v7q2jTWVmVfAVfb1/kuNn7ij94Zqadg/fuUq0pKqIOKwkUj3OxRM3A/5BnW3MbgparjKD3r+fyw==",
      "license": "Apache-2.0",
      "dependencies": {
        "@polkadot/types": "11.3.1",
        "@polkadot/types-codec": "11.3.1",
        "@polkadot/util": "^12.6.2",
        "tslib": "^2.6.2"
      },
      "engines": {
        "node": ">=18"
      }
    },
    "node_modules/@polkadot/types-codec": {
      "version": "11.3.1",
      "resolved": "https://registry.npmjs.org/@polkadot/types-codec/-/types-codec-11.3.1.tgz",
      "integrity": "sha512-i7IiiuuL+Z/jFoKTA9xeh4wGQnhnNNjMT0+1ohvlOvnFsoKZKFQQOaDPPntGJVL1JDCV+KjkN2uQKZSeW8tguQ==",
      "license": "Apache-2.0",
      "dependencies": {
        "@polkadot/util": "^12.6.2",
        "@polkadot/x-bigint": "^12.6.2",
        "tslib": "^2.6.2"
      },
      "engines": {
        "node": ">=18"
      }
    },
    "node_modules/@polkadot/types-create": {
      "version": "11.3.1",
      "resolved": "https://registry.npmjs.org/@polkadot/types-create/-/types-create-11.3.1.tgz",
      "integrity": "sha512-pBXtpz5FehcRJ6j5MzFUIUN8ZWM7z6HbqK1GxBmYbJVRElcGcOg7a/rL2pQVphU0Rx1E8bSO4thzGf4wUxSX7w==",
      "license": "Apache-2.0",
      "dependencies": {
        "@polkadot/types-codec": "11.3.1",
        "@polkadot/util": "^12.6.2",
        "tslib": "^2.6.2"
      },
      "engines": {
        "node": ">=18"
      }
    },
    "node_modules/@polkadot/types-known": {
      "version": "11.3.1",
      "resolved": "https://registry.npmjs.org/@polkadot/types-known/-/types-known-11.3.1.tgz",
      "integrity": "sha512-3BIof7u6tn9bk3ZCIxA07iNoQ3uj4+vn3DTOjCKECozkRlt6V+kWRvqh16Hc0SHMg/QjcMb2fIu/WZhka1McUQ==",
      "license": "Apache-2.0",
      "dependencies": {
        "@polkadot/networks": "^12.6.2",
        "@polkadot/types": "11.3.1",
        "@polkadot/types-codec": "11.3.1",
        "@polkadot/types-create": "11.3.1",
        "@polkadot/util": "^12.6.2",
        "tslib": "^2.6.2"
      },
      "engines": {
        "node": ">=18"
      }
    },
    "node_modules/@polkadot/types-support": {
      "version": "11.3.1",
      "resolved": "https://registry.npmjs.org/@polkadot/types-support/-/types-support-11.3.1.tgz",
      "integrity": "sha512-jTFz1GKyF7nI29yIOq4v0NiWTOf5yX4HahJNeFD8TcxoLhF+6tH/XXqrUXJEfbaTlSrRWiW1LZYlb+snctqKHA==",
      "license": "Apache-2.0",
      "dependencies": {
        "@polkadot/util": "^12.6.2",
        "tslib": "^2.6.2"
      },
      "engines": {
        "node": ">=18"
      }
    },
    "node_modules/@polkadot/util": {
      "version": "12.6.2",
      "resolved": "https://registry.npmjs.org/@polkadot/util/-/util-12.6.2.tgz",
      "integrity": "sha512-l8TubR7CLEY47240uki0TQzFvtnxFIO7uI/0GoWzpYD/O62EIAMRsuY01N4DuwgKq2ZWD59WhzsLYmA5K6ksdw==",
      "license": "Apache-2.0",
      "peer": true,
      "dependencies": {
        "@polkadot/x-bigint": "12.6.2",
        "@polkadot/x-global": "12.6.2",
        "@polkadot/x-textdecoder": "12.6.2",
        "@polkadot/x-textencoder": "12.6.2",
        "@types/bn.js": "^5.1.5",
        "bn.js": "^5.2.1",
        "tslib": "^2.6.2"
      },
      "engines": {
        "node": ">=18"
      }
    },
    "node_modules/@polkadot/util-crypto": {
      "version": "12.6.2",
      "resolved": "https://registry.npmjs.org/@polkadot/util-crypto/-/util-crypto-12.6.2.tgz",
      "integrity": "sha512-FEWI/dJ7wDMNN1WOzZAjQoIcCP/3vz3wvAp5QQm+lOrzOLj0iDmaIGIcBkz8HVm3ErfSe/uKP0KS4jgV/ib+Mg==",
      "license": "Apache-2.0",
      "dependencies": {
        "@noble/curves": "^1.3.0",
        "@noble/hashes": "^1.3.3",
        "@polkadot/networks": "12.6.2",
        "@polkadot/util": "12.6.2",
        "@polkadot/wasm-crypto": "^7.3.2",
        "@polkadot/wasm-util": "^7.3.2",
        "@polkadot/x-bigint": "12.6.2",
        "@polkadot/x-randomvalues": "12.6.2",
        "@scure/base": "^1.1.5",
        "tslib": "^2.6.2"
      },
      "engines": {
        "node": ">=18"
      },
      "peerDependencies": {
        "@polkadot/util": "12.6.2"
      }
    },
    "node_modules/@polkadot/wasm-bridge": {
      "version": "7.5.4",
      "resolved": "https://registry.npmjs.org/@polkadot/wasm-bridge/-/wasm-bridge-7.5.4.tgz",
      "integrity": "sha512-6xaJVvoZbnbgpQYXNw9OHVNWjXmtcoPcWh7hlwx3NpfiLkkjljj99YS+XGZQlq7ks2fVCg7FbfknkNb8PldDaA==",
      "license": "Apache-2.0",
      "dependencies": {
        "@polkadot/wasm-util": "7.5.4",
        "tslib": "^2.7.0"
      },
      "engines": {
        "node": ">=18"
      },
      "peerDependencies": {
        "@polkadot/util": "*",
        "@polkadot/x-randomvalues": "*"
      }
    },
    "node_modules/@polkadot/wasm-crypto": {
      "version": "7.5.4",
      "resolved": "https://registry.npmjs.org/@polkadot/wasm-crypto/-/wasm-crypto-7.5.4.tgz",
      "integrity": "sha512-1seyClxa7Jd7kQjfnCzTTTfYhTa/KUTDUaD3DMHBk5Q4ZUN1D1unJgX+v1aUeXSPxmzocdZETPJJRZjhVOqg9g==",
      "license": "Apache-2.0",
      "dependencies": {
        "@polkadot/wasm-bridge": "7.5.4",
        "@polkadot/wasm-crypto-asmjs": "7.5.4",
        "@polkadot/wasm-crypto-init": "7.5.4",
        "@polkadot/wasm-crypto-wasm": "7.5.4",
        "@polkadot/wasm-util": "7.5.4",
        "tslib": "^2.7.0"
      },
      "engines": {
        "node": ">=18"
      },
      "peerDependencies": {
        "@polkadot/util": "*",
        "@polkadot/x-randomvalues": "*"
      }
    },
    "node_modules/@polkadot/wasm-crypto-asmjs": {
      "version": "7.5.4",
      "resolved": "https://registry.npmjs.org/@polkadot/wasm-crypto-asmjs/-/wasm-crypto-asmjs-7.5.4.tgz",
      "integrity": "sha512-ZYwxQHAJ8pPt6kYk9XFmyuFuSS+yirJLonvP+DYbxOrARRUHfN4nzp4zcZNXUuaFhpbDobDSFn6gYzye6BUotA==",
      "license": "Apache-2.0",
      "dependencies": {
        "tslib": "^2.7.0"
      },
      "engines": {
        "node": ">=18"
      },
      "peerDependencies": {
        "@polkadot/util": "*"
      }
    },
    "node_modules/@polkadot/wasm-crypto-init": {
      "version": "7.5.4",
      "resolved": "https://registry.npmjs.org/@polkadot/wasm-crypto-init/-/wasm-crypto-init-7.5.4.tgz",
      "integrity": "sha512-U6s4Eo2rHs2n1iR01vTz/sOQ7eOnRPjaCsGWhPV+ZC/20hkVzwPAhiizu/IqMEol4tO2yiSheD4D6bn0KxUJhg==",
      "license": "Apache-2.0",
      "dependencies": {
        "@polkadot/wasm-bridge": "7.5.4",
        "@polkadot/wasm-crypto-asmjs": "7.5.4",
        "@polkadot/wasm-crypto-wasm": "7.5.4",
        "@polkadot/wasm-util": "7.5.4",
        "tslib": "^2.7.0"
      },
      "engines": {
        "node": ">=18"
      },
      "peerDependencies": {
        "@polkadot/util": "*",
        "@polkadot/x-randomvalues": "*"
      }
    },
    "node_modules/@polkadot/wasm-crypto-wasm": {
      "version": "7.5.4",
      "resolved": "https://registry.npmjs.org/@polkadot/wasm-crypto-wasm/-/wasm-crypto-wasm-7.5.4.tgz",
      "integrity": "sha512-PsHgLsVTu43eprwSvUGnxybtOEuHPES6AbApcs7y5ZbM2PiDMzYbAjNul098xJK/CPtrxZ0ePDFnaQBmIJyTFw==",
      "license": "Apache-2.0",
      "dependencies": {
        "@polkadot/wasm-util": "7.5.4",
        "tslib": "^2.7.0"
      },
      "engines": {
        "node": ">=18"
      },
      "peerDependencies": {
        "@polkadot/util": "*"
      }
    },
    "node_modules/@polkadot/wasm-util": {
      "version": "7.5.4",
      "resolved": "https://registry.npmjs.org/@polkadot/wasm-util/-/wasm-util-7.5.4.tgz",
      "integrity": "sha512-hqPpfhCpRAqCIn/CYbBluhh0TXmwkJnDRjxrU9Bnqtw9nMNa97D8JuOjdd2pi0rxm+eeLQ/f1rQMp71RMM9t4w==",
      "license": "Apache-2.0",
      "dependencies": {
        "tslib": "^2.7.0"
      },
      "engines": {
        "node": ">=18"
      },
      "peerDependencies": {
        "@polkadot/util": "*"
      }
    },
    "node_modules/@polkadot/x-bigint": {
      "version": "12.6.2",
      "resolved": "https://registry.npmjs.org/@polkadot/x-bigint/-/x-bigint-12.6.2.tgz",
      "integrity": "sha512-HSIk60uFPX4GOFZSnIF7VYJz7WZA7tpFJsne7SzxOooRwMTWEtw3fUpFy5cYYOeLh17/kHH1Y7SVcuxzVLc74Q==",
      "license": "Apache-2.0",
      "dependencies": {
        "@polkadot/x-global": "12.6.2",
        "tslib": "^2.6.2"
      },
      "engines": {
        "node": ">=18"
      }
    },
    "node_modules/@polkadot/x-fetch": {
      "version": "12.6.2",
      "resolved": "https://registry.npmjs.org/@polkadot/x-fetch/-/x-fetch-12.6.2.tgz",
      "integrity": "sha512-8wM/Z9JJPWN1pzSpU7XxTI1ldj/AfC8hKioBlUahZ8gUiJaOF7K9XEFCrCDLis/A1BoOu7Ne6WMx/vsJJIbDWw==",
      "license": "Apache-2.0",
      "dependencies": {
        "@polkadot/x-global": "12.6.2",
        "node-fetch": "^3.3.2",
        "tslib": "^2.6.2"
      },
      "engines": {
        "node": ">=18"
      }
    },
    "node_modules/@polkadot/x-global": {
      "version": "12.6.2",
      "resolved": "https://registry.npmjs.org/@polkadot/x-global/-/x-global-12.6.2.tgz",
      "integrity": "sha512-a8d6m+PW98jmsYDtAWp88qS4dl8DyqUBsd0S+WgyfSMtpEXu6v9nXDgPZgwF5xdDvXhm+P0ZfVkVTnIGrScb5g==",
      "license": "Apache-2.0",
      "dependencies": {
        "tslib": "^2.6.2"
      },
      "engines": {
        "node": ">=18"
      }
    },
    "node_modules/@polkadot/x-randomvalues": {
      "version": "12.6.2",
      "resolved": "https://registry.npmjs.org/@polkadot/x-randomvalues/-/x-randomvalues-12.6.2.tgz",
      "integrity": "sha512-Vr8uG7rH2IcNJwtyf5ebdODMcr0XjoCpUbI91Zv6AlKVYOGKZlKLYJHIwpTaKKB+7KPWyQrk4Mlym/rS7v9feg==",
      "license": "Apache-2.0",
      "peer": true,
      "dependencies": {
        "@polkadot/x-global": "12.6.2",
        "tslib": "^2.6.2"
      },
      "engines": {
        "node": ">=18"
      },
      "peerDependencies": {
        "@polkadot/util": "12.6.2",
        "@polkadot/wasm-util": "*"
      }
    },
    "node_modules/@polkadot/x-textdecoder": {
      "version": "12.6.2",
      "resolved": "https://registry.npmjs.org/@polkadot/x-textdecoder/-/x-textdecoder-12.6.2.tgz",
      "integrity": "sha512-M1Bir7tYvNappfpFWXOJcnxUhBUFWkUFIdJSyH0zs5LmFtFdbKAeiDXxSp2Swp5ddOZdZgPac294/o2TnQKN1w==",
      "license": "Apache-2.0",
      "dependencies": {
        "@polkadot/x-global": "12.6.2",
        "tslib": "^2.6.2"
      },
      "engines": {
        "node": ">=18"
      }
    },
    "node_modules/@polkadot/x-textencoder": {
      "version": "12.6.2",
      "resolved": "https://registry.npmjs.org/@polkadot/x-textencoder/-/x-textencoder-12.6.2.tgz",
      "integrity": "sha512-4N+3UVCpI489tUJ6cv3uf0PjOHvgGp9Dl+SZRLgFGt9mvxnvpW/7+XBADRMtlG4xi5gaRK7bgl5bmY6OMDsNdw==",
      "license": "Apache-2.0",
      "dependencies": {
        "@polkadot/x-global": "12.6.2",
        "tslib": "^2.6.2"
      },
      "engines": {
        "node": ">=18"
      }
    },
    "node_modules/@polkadot/x-ws": {
      "version": "12.6.2",
      "resolved": "https://registry.npmjs.org/@polkadot/x-ws/-/x-ws-12.6.2.tgz",
      "integrity": "sha512-cGZWo7K5eRRQCRl2LrcyCYsrc3lRbTlixZh3AzgU8uX4wASVGRlNWi/Hf4TtHNe1ExCDmxabJzdIsABIfrr7xw==",
      "license": "Apache-2.0",
      "dependencies": {
        "@polkadot/x-global": "12.6.2",
        "tslib": "^2.6.2",
        "ws": "^8.15.1"
      },
      "engines": {
        "node": ">=18"
      }
    },
    "node_modules/@scure/base": {
      "version": "1.2.6",
      "resolved": "https://registry.npmjs.org/@scure/base/-/base-1.2.6.tgz",
      "integrity": "sha512-g/nm5FgUa//MCj1gV09zTJTaM6KBAHqLN907YVQqf7zC49+DcO4B1so4ZX07Ef10Twr6nuqYEH9GEggFXA4Fmg==",
      "license": "MIT",
      "funding": {
        "url": "https://paulmillr.com/funding/"
      }
    },
    "node_modules/@substrate/connect": {
      "version": "0.8.10",
      "resolved": "https://registry.npmjs.org/@substrate/connect/-/connect-0.8.10.tgz",
      "integrity": "sha512-DIyQ13DDlXqVFnLV+S6/JDgiGowVRRrh18kahieJxhgvzcWicw5eLc6jpfQ0moVVLBYkO7rctB5Wreldwpva8w==",
      "deprecated": "versions below 1.x are no longer maintained",
      "license": "GPL-3.0-only",
      "optional": true,
      "dependencies": {
        "@substrate/connect-extension-protocol": "^2.0.0",
        "@substrate/connect-known-chains": "^1.1.4",
        "@substrate/light-client-extension-helpers": "^0.0.6",
        "smoldot": "2.0.22"
      }
    },
    "node_modules/@substrate/connect-extension-protocol": {
      "version": "2.2.2",
      "resolved": "https://registry.npmjs.org/@substrate/connect-extension-protocol/-/connect-extension-protocol-2.2.2.tgz",
      "integrity": "sha512-t66jwrXA0s5Goq82ZtjagLNd7DPGCNjHeehRlE/gcJmJ+G56C0W+2plqOMRicJ8XGR1/YFnUSEqUFiSNbjGrAA==",
      "license": "GPL-3.0-only",
      "optional": true
    },
    "node_modules/@substrate/connect-known-chains": {
      "version": "1.10.3",
      "resolved": "https://registry.npmjs.org/@substrate/connect-known-chains/-/connect-known-chains-1.10.3.tgz",
      "integrity": "sha512-OJEZO1Pagtb6bNE3wCikc2wrmvEU5x7GxFFLqqbz1AJYYxSlrPCGu4N2og5YTExo4IcloNMQYFRkBGue0BKZ4w==",
      "license": "GPL-3.0-only",
      "optional": true
    },
    "node_modules/@substrate/light-client-extension-helpers": {
      "version": "0.0.6",
      "resolved": "https://registry.npmjs.org/@substrate/light-client-extension-helpers/-/light-client-extension-helpers-0.0.6.tgz",
      "integrity": "sha512-girltEuxQ1BvkJWmc8JJlk4ZxnlGXc/wkLcNguhY+UoDEMBK0LsdtfzQKIfrIehi4QdeSBlFEFBoI4RqPmsZzA==",
      "license": "MIT",
      "optional": true,
      "dependencies": {
        "@polkadot-api/json-rpc-provider": "0.0.1",
        "@polkadot-api/json-rpc-provider-proxy": "0.0.1",
        "@polkadot-api/observable-client": "0.1.0",
        "@polkadot-api/substrate-client": "0.0.1",
        "@substrate/connect-extension-protocol": "^2.0.0",
        "@substrate/connect-known-chains": "^1.1.4",
        "rxjs": "^7.8.1"
      },
      "peerDependencies": {
        "smoldot": "2.x"
      }
    },
    "node_modules/@substrate/ss58-registry": {
      "version": "1.51.0",
      "resolved": "https://registry.npmjs.org/@substrate/ss58-registry/-/ss58-registry-1.51.0.tgz",
      "integrity": "sha512-TWDurLiPxndFgKjVavCniytBIw+t4ViOi7TYp9h/D0NMmkEc9klFTo+827eyEJ0lELpqO207Ey7uGxUa+BS1jQ==",
      "license": "Apache-2.0"
    },
    "node_modules/@types/bn.js": {
      "version": "5.2.0",
      "resolved": "https://registry.npmjs.org/@types/bn.js/-/bn.js-5.2.0.tgz",
      "integrity": "sha512-DLbJ1BPqxvQhIGbeu8VbUC1DiAiahHtAYvA0ZEAa4P31F7IaArc8z3C3BRQdWX4mtLQuABG4yzp76ZrS02Ui1Q==",
      "license": "MIT",
      "dependencies": {
        "@types/node": "*"
      }
    },
    "node_modules/@types/node": {
      "version": "26.4.0",
      "resolved": "https://registry.npmjs.org/@types/node/-/node-26.4.0.tgz",
      "integrity": "sha512-faiGnoIrLH/V8cibOMEAZ8pMw6oXqSukl29ra4mN8GdaB2ZewzeaLj+INpV5N+Z1eKWzY+IzaIZH2EIR6YZRNQ==",
      "license": "MIT",
      "dependencies": {
        "undici-types": "~8.3.0"
      }
    },
    "node_modules/bn.js": {
      "version": "5.2.5",
      "resolved": "https://registry.npmjs.org/bn.js/-/bn.js-5.2.5.tgz",
      "integrity": "sha512-Vq886eXykuP5E6HcKSSStP3bJgrE6In5WKxVUvJ8XGpWWYs2xZHWqUwzCtGgEtBcxyd57KBFDPFoUfNzdaHCNg==",
      "license": "MIT"
    },
    "node_modules/data-uri-to-buffer": {
      "version": "4.0.1",
      "resolved": "https://registry.npmjs.org/data-uri-to-buffer/-/data-uri-to-buffer-4.0.1.tgz",
      "integrity": "sha512-0R9ikRb668HB7QDxT1vkpuUBtqc53YyAwMwGeUFKRojY/NWKvdZ+9UYtRfGmhqNbRkTSVpMbmyhXipFFv2cb/A==",
      "license": "MIT",
      "engines": {
        "node": ">= 12"
      }
    },
    "node_modules/debug": {
      "version": "4.4.3",
      "resolved": "https://registry.npmjs.org/debug/-/debug-4.4.3.tgz",
      "integrity": "sha512-RGwwWnwQvkVfavKVt22FGLw+xYSdzARwm0ru6DhTVA3umU5hZc28V3kO4stgYryrTlLpuvgI9GiijltAjNbcqA==",
      "license": "MIT",
      "dependencies": {
        "ms": "^2.1.3"
      },
      "engines": {
        "node": ">=6.0"
      },
      "peerDependenciesMeta": {
        "supports-color": {
          "optional": true
        }
      }
    },
    "node_modules/eventemitter3": {
      "version": "5.0.4",
      "resolved": "https://registry.npmjs.org/eventemitter3/-/eventemitter3-5.0.4.tgz",
      "integrity": "sha512-mlsTRyGaPBjPedk6Bvw+aqbsXDtoAyAzm5MO7JgU+yVRyMQ5O8bD4Kcci7BS85f93veegeCPkL8R4GLClnjLFw==",
      "license": "MIT"
    },
    "node_modules/fetch-blob": {
      "version": "3.2.0",
      "resolved": "https://registry.npmjs.org/fetch-blob/-/fetch-blob-3.2.0.tgz",
      "integrity": "sha512-7yAQpD2UMJzLi1Dqv7qFYnPbaPx7ZfFK6PiIxQ4PfkGPyNyl2Ugx+a/umUonmKqjhM4DnfbMvdX6otXq83soQQ==",
      "funding": [
        {
          "type": "github",
          "url": "https://github.com/sponsors/jimmywarting"
        },
        {
          "type": "paypal",
          "url": "https://paypal.me/jimmywarting"
        }
      ],
      "license": "MIT",
      "dependencies": {
        "node-domexception": "^1.0.0",
        "web-streams-polyfill": "^3.0.3"
      },
      "engines": {
        "node": "^12.20 || >= 14.13"
      }
    },
    "node_modules/formdata-polyfill": {
      "version": "4.0.10",
      "resolved": "https://registry.npmjs.org/formdata-polyfill/-/formdata-polyfill-4.0.10.tgz",
      "integrity": "sha512-buewHzMvYL29jdeQTVILecSaZKnt/RJWjoZCF5OW60Z67/GmSLBkOFM7qh1PI3zFNtJbaZL5eQu1vLfazOwj4g==",
      "license": "MIT",
      "dependencies": {
        "fetch-blob": "^3.1.2"
      },
      "engines": {
        "node": ">=12.20.0"
      }
    },
    "node_modules/json-stringify-safe": {
      "version": "5.0.1",
      "resolved": "https://registry.npmjs.org/json-stringify-safe/-/json-stringify-safe-5.0.1.tgz",
      "integrity": "sha512-ZClg6AaYvamvYEE82d3Iyd3vSSIjQ+odgjaTzRuO3s7toCdFKczob2i0zCh7JE8kWn17yvAWhUVxvqGwUalsRA==",
      "license": "ISC"
    },
    "node_modules/mock-socket": {
      "version": "9.3.1",
      "resolved": "https://registry.npmjs.org/mock-socket/-/mock-socket-9.3.1.tgz",
      "integrity": "sha512-qxBgB7Qa2sEQgHFjj0dSigq7fX4k6Saisd5Nelwp2q8mlbAFh5dHV9JTTlF8viYJLSSWgMCZFUom8PJcMNBoJw==",
      "license": "MIT",
      "engines": {
        "node": ">= 8"
      }
    },
    "node_modules/ms": {
      "version": "2.1.3",
      "resolved": "https://registry.npmjs.org/ms/-/ms-2.1.3.tgz",
      "integrity": "sha512-6FlzubTLZG3J2a/NVCAleEhjzq5oxgHyaCU9yYXvcLsvoVaHJq/s5xXI6/XXP6tz7R9xAOtHnSO/tXtF3WRTlA==",
      "license": "MIT"
    },
    "node_modules/nock": {
      "version": "13.5.6",
      "resolved": "https://registry.npmjs.org/nock/-/nock-13.5.6.tgz",
      "integrity": "sha512-o2zOYiCpzRqSzPj0Zt/dQ/DqZeYoaQ7TUonc/xUPjCGl9WeHpNbxgVvOquXYAaJzI0M9BXV3HTzG0p8IUAbBTQ==",
      "license": "MIT",
      "dependencies": {
        "debug": "^4.1.0",
        "json-stringify-safe": "^5.0.1",
        "propagate": "^2.0.0"
      },
      "engines": {
        "node": ">= 10.13"
      }
    },
    "node_modules/node-domexception": {
      "version": "1.0.0",
      "resolved": "https://registry.npmjs.org/node-domexception/-/node-domexception-1.0.0.tgz",
      "integrity": "sha512-/jKZoMpw0F8GRwl4/eLROPA3cfcXtLApP0QzLmUT/HuPCZWyB7IY9ZrMeKw2O/nFIqPQB3PVM9aYm0F312AXDQ==",
      "deprecated": "Use your platform's native DOMException instead",
      "funding": [
        {
          "type": "github",
          "url": "https://github.com/sponsors/jimmywarting"
        },
        {
          "type": "github",
          "url": "https://paypal.me/jimmywarting"
        }
      ],
      "license": "MIT",
      "engines": {
        "node": ">=10.5.0"
      }
    },
    "node_modules/node-fetch": {
      "version": "3.3.2",
      "resolved": "https://registry.npmjs.org/node-fetch/-/node-fetch-3.3.2.tgz",
      "integrity": "sha512-dRB78srN/l6gqWulah9SrxeYnxeddIG30+GOqK/9OlLVyLg3HPnr6SqOWTWOXKRwC2eGYCkZ59NNuSgvSrpgOA==",
      "license": "MIT",
      "dependencies": {
        "data-uri-to-buffer": "^4.0.0",
        "fetch-blob": "^3.1.4",
        "formdata-polyfill": "^4.0.10"
      },
      "engines": {
        "node": "^12.20.0 || ^14.13.1 || >=16.0.0"
      },
      "funding": {
        "type": "opencollective",
        "url": "https://opencollective.com/node-fetch"
      }
    },
    "node_modules/propagate": {
      "version": "2.0.1",
      "resolved": "https://registry.npmjs.org/propagate/-/propagate-2.0.1.tgz",
      "integrity": "sha512-vGrhOavPSTz4QVNuBNdcNXePNdNMaO1xj9yBeH1ScQPjk/rhg9sSlCXPhMkFuaNNW/syTvYqsnbIJxMBfRbbag==",
      "license": "MIT",
      "engines": {
        "node": ">= 8"
      }
    },
    "node_modules/rxjs": {
      "version": "7.8.2",
      "resolved": "https://registry.npmjs.org/rxjs/-/rxjs-7.8.2.tgz",
      "integrity": "sha512-dhKf903U/PQZY6boNNtAGdWbG85WAbjT/1xYoZIC7FAY0yWapOBQVsVrDl58W86//e1VpMNBtRV4MaXfdMySFA==",
      "license": "Apache-2.0",
      "peer": true,
      "dependencies": {
        "tslib": "^2.1.0"
      }
    },
    "node_modules/scale-ts": {
      "version": "1.6.1",
      "resolved": "https://registry.npmjs.org/scale-ts/-/scale-ts-1.6.1.tgz",
      "integrity": "sha512-PBMc2AWc6wSEqJYBDPcyCLUj9/tMKnLX70jLOSndMtcUoLQucP/DM0vnQo1wJAYjTrQiq8iG9rD0q6wFzgjH7g==",
      "license": "MIT",
      "optional": true
    },
    "node_modules/smoldot": {
      "version": "2.0.22",
      "resolved": "https://registry.npmjs.org/smoldot/-/smoldot-2.0.22.tgz",
      "integrity": "sha512-B50vRgTY6v3baYH6uCgL15tfaag5tcS2o/P5q1OiXcKGv1axZDfz2dzzMuIkVpyMR2ug11F6EAtQlmYBQd292g==",
      "license": "GPL-3.0-or-later WITH Classpath-exception-2.0",
      "optional": true,
      "peer": true,
      "dependencies": {
        "ws": "^8.8.1"
      }
    },
    "node_modules/tslib": {
      "version": "2.8.1",
      "resolved": "https://registry.npmjs.org/tslib/-/tslib-2.8.1.tgz",
      "integrity": "sha512-oJFu94HQb+KVduSUQL7wnpmqnfmLsOA/nAh6b6EH0wCEoK0/mPeXU6c3wKDV83MkOuHPRHtSXKKU99IBazS/2w==",
      "license": "0BSD"
    },
    "node_modules/undici-types": {
      "version": "8.3.0",
      "resolved": "https://registry.npmjs.org/undici-types/-/undici-types-8.3.0.tgz",
      "integrity": "sha512-j375ScV60dom+YkPFIfTLcOiPxkN/buHz5GobjLhixFuANaNs3C9l4GmrWqejgXWJ7BbJcFYpTEUkS1Ge8bpZQ==",
      "license": "MIT"
    },
    "node_modules/web-streams-polyfill": {
      "version": "3.3.3",
      "resolved": "https://registry.npmjs.org/web-streams-polyfill/-/web-streams-polyfill-3.3.3.tgz",
      "integrity": "sha512-d2JWLCivmZYTSIoge9MsgFCZrt571BikcWGYkjC1khllbTeDlGqZ2D8vD8E/lJa8WGWbb7Plm8/XJYV7IJHZZw==",
      "license": "MIT",
      "engines": {
        "node": ">= 8"
      }
    },
    "node_modules/ws": {
      "version": "8.21.3",
      "resolved": "https://registry.npmjs.org/ws/-/ws-8.21.3.tgz",
      "integrity": "sha512-201TZ/kPWxoPr/OKWjquZR1SWKXcvxdH+e1xrx89b3YbmzLMFCLfnaG1HFIgWzJOEWZ7MvpK++odZufgYR50Rw==",
      "license": "MIT",
      "engines": {
        "node": ">=10.0.0"
      },
      "peerDependencies": {
        "bufferutil": "^4.0.1",
        "utf-8-validate": ">=5.0.2"
      },
      "peerDependenciesMeta": {
        "bufferutil": {
          "optional": true
        },
        "utf-8-validate": {
          "optional": true
        }
      }
    }
  }
}
